<?xml version="1.0" encoding="utf-8"?>
<Project ToolsVersion="4.0" xmlns="http://schemas.microsoft.com/developer/msbuild/2003">
  <ItemGroup>
    <Filter Include="imgui">
      <UniqueIdentifier>{20faf99a-a809-4dea-bcda-c978bef6f649}</UniqueIdentifier>
    </Filter>
    <Filter Include="kdmapper">
      <UniqueIdentifier>{c8983ea5-2db7-4ffb-ab5c-79a7191b0be3}</UniqueIdentifier>
    </Filter>
    <Filter Include="sdk">
      <UniqueIdentifier>{f77b06b1-d092-4565-998f-517adba79c1f}</UniqueIdentifier>
    </Filter>
    <Filter Include="byte">
      <UniqueIdentifier>{333a0bf3-be1f-4f2a-b8a1-f196bec0a136}</UniqueIdentifier>
    </Filter>
    <Filter Include="overlay">
      <UniqueIdentifier>{54985de3-dd29-4ce2-8a60-04bf760e01f6}</UniqueIdentifier>
    </Filter>
    <Filter Include="Icons">
      <UniqueIdentifier>{66496782-fff2-4410-bf39-76a9ef21a736}</UniqueIdentifier>
    </Filter>
    <Filter Include="Images">
      <UniqueIdentifier>{00073bd9-860e-4e26-9f88-a608661838c8}</UniqueIdentifier>
    </Filter>
  </ItemGroup>
  <ItemGroup>
    <ClInclude Include="kdmapper\intel_driver.hpp">
      <Filter>kdmapper</Filter>
    </ClInclude>
    <ClInclude Include="kdmapper\intel_driver_resource.hpp">
      <Filter>kdmapper</Filter>
    </ClInclude>
    <ClInclude Include="kdmapper\kdmapper.hpp">
      <Filter>kdmapper</Filter>
    </ClInclude>
    <ClInclude Include="kdmapper\nt.hpp">
      <Filter>kdmapper</Filter>
    </ClInclude>
    <ClInclude Include="kdmapper\portable_executable.hpp">
      <Filter>kdmapper</Filter>
    </ClInclude>
    <ClInclude Include="kdmapper\service.hpp">
      <Filter>kdmapper</Filter>
    </ClInclude>
    <ClInclude Include="kdmapper\utils.hpp">
      <Filter>kdmapper</Filter>
    </ClInclude>
    <ClInclude Include="struct.h">
      <Filter>sdk</Filter>
    </ClInclude>
    <ClInclude Include="memory.h" />
    <ClInclude Include="offsets.h" />
    <ClInclude Include="sdk.h">
      <Filter>sdk</Filter>
    </ClInclude>
    <ClInclude Include="skCrypt.h">
      <Filter>sdk</Filter>
    </ClInclude>
    <ClInclude Include="overlay.h">
      <Filter>overlay</Filter>
    </ClInclude>
    <ClInclude Include="menu.h">
      <Filter>overlay</Filter>
    </ClInclude>
    <ClInclude Include="defs.h">
      <Filter>sdk</Filter>
    </ClInclude>
    <ClInclude Include="settings.h" />
    <ClInclude Include="imgui\imconfig.h">
      <Filter>imgui</Filter>
    </ClInclude>
    <ClInclude Include="imgui\imgui.h">
      <Filter>imgui</Filter>
    </ClInclude>
    <ClInclude Include="imgui\imgui_impl_dx9.h">
      <Filter>imgui</Filter>
    </ClInclude>
    <ClInclude Include="imgui\imgui_impl_win32.h">
      <Filter>imgui</Filter>
    </ClInclude>
    <ClInclude Include="imgui\imgui_internal.h">
      <Filter>imgui</Filter>
    </ClInclude>
    <ClInclude Include="imgui\imstb_rectpack.h">
      <Filter>imgui</Filter>
    </ClInclude>
    <ClInclude Include="imgui\imstb_textedit.h">
      <Filter>imgui</Filter>
    </ClInclude>
    <ClInclude Include="imgui\imstb_truetype.h">
      <Filter>imgui</Filter>
    </ClInclude>
    <ClInclude Include="driver.h">
      <Filter>imgui</Filter>
    </ClInclude>
    <ClInclude Include="iconcpp.h">
      <Filter>Icons</Filter>
    </ClInclude>
    <ClInclude Include="icons.h">
      <Filter>Icons</Filter>
    </ClInclude>
    <ClInclude Include="font.h" />
    <ClInclude Include="Images.h">
      <Filter>Images</Filter>
    </ClInclude>
    <ClInclude Include="Auth.h" />
    <ClInclude Include="Header.h" />
    <ClInclude Include="drv.h" />
  </ItemGroup>
  <ItemGroup>
    <ClCompile Include="kdmapper\intel_driver.cpp">
      <Filter>kdmapper</Filter>
    </ClCompile>
    <ClCompile Include="kdmapper\kdmapper.cpp">
      <Filter>kdmapper</Filter>
    </ClCompile>
    <ClCompile Include="kdmapper\portable_executable.cpp">
      <Filter>kdmapper</Filter>
    </ClCompile>
    <ClCompile Include="kdmapper\service.cpp">
      <Filter>kdmapper</Filter>
    </ClCompile>
    <ClCompile Include="kdmapper\utils.cpp">
      <Filter>kdmapper</Filter>
    </ClCompile>
    <ClCompile Include="main.cpp" />
    <ClCompile Include="imgui\imgui.cpp">
      <Filter>imgui</Filter>
    </ClCompile>
    <ClCompile Include="imgui\imgui_draw.cpp">
      <Filter>imgui</Filter>
    </ClCompile>
    <ClCompile Include="imgui\imgui_impl_dx9.cpp">
      <Filter>imgui</Filter>
    </ClCompile>
    <ClCompile Include="imgui\imgui_impl_win32.cpp">
      <Filter>imgui</Filter>
    </ClCompile>
    <ClCompile Include="imgui\imgui_widgets.cpp">
      <Filter>imgui</Filter>
    </ClCompile>
    <ClCompile Include="memory.cpp" />
  </ItemGroup>
</Project>